
Microsoft Visual Studio Solution File, Format Version 12.00
# Visual Studio Version 17
VisualStudioVersion = 17.1.32210.238
MinimumVisualStudioVersion = 10.0.40219.1
Project("{2150E333-8FDC-42A3-9474-1A3956D46DE8}") = "Test", "Test", "{0600DD56-ECFF-4227-9035-D467B265EF92}"
EndProject
Project("{9A19103F-16F7-4668-BE54-9A1E7A4F7556}") = "Reec.DataBase", "Reec.DataBase\Reec.DataBase.csproj", "{B82DF4B2-9027-40B8-A598-FA6A384E7CF2}"
EndProject
Project("{9A19103F-16F7-4668-BE54-9A1E7A4F7556}") = "Reec.Helpers", "Reec.Helpers\Reec.Helpers.csproj", "{9E77DA3C-B7E9-400D-99A1-B0A18236BA0E}"
EndProject
Project("{2150E333-8FDC-42A3-9474-1A3956D46DE8}") = "src", "src", "{43D6822F-AD4D-4689-A85A-C1D0368121F3}"
EndProject
Project("{9A19103F-16F7-4668-BE54-9A1E7A4F7556}") = "Reec.SqlServer", "Reec.SqlServer\Reec.SqlServer.csproj", "{09442BC9-09BF-43FB-8515-03C5E6CF089D}"
EndProject
Project("{9A19103F-16F7-4668-BE54-9A1E7A4F7556}") = "Reec.Oracle", "Reec.Oracle\Reec.Oracle.csproj", "{AB71A61F-A9C3-4827-93D1-036001690DE9}"
EndProject
Project("{9A19103F-16F7-4668-BE54-9A1E7A4F7556}") = "Reec.MySql", "Reec.MySql\Reec.MySql.csproj", "{788EFFA3-4EE4-4267-BCCB-8574B55224C0}"
EndProject
Project("{2150E333-8FDC-42A3-9474-1A3956D46DE8}") = "Solution Items", "Solution Items", "{1D5E0049-5EF7-457D-9C1F-A59D3865FE06}"
	ProjectSection(SolutionItems) = preProject
		.editorconfig = .editorconfig
		scanner-sonnarqube.ps1 = scanner-sonnarqube.ps1
	EndProjectSection
EndProject
Project("{2150E333-8FDC-42A3-9474-1A3956D46DE8}") = "AdoNet", "AdoNet", "{A4C1B027-D76C-4A9B-9583-9E7C1FF20658}"
EndProject
Project("{2150E333-8FDC-42A3-9474-1A3956D46DE8}") = "Inspection", "Inspection", "{D2C7DE11-E342-4D55-95CC-7AA2E3C982BE}"
EndProject
Project("{2150E333-8FDC-42A3-9474-1A3956D46DE8}") = "Common", "Common", "{E60D9F5D-8086-4FC5-A99F-4E2B4BED1289}"
EndProject
Project("{9A19103F-16F7-4668-BE54-9A1E7A4F7556}") = "Reec.Inspection.SqlServer.Old", "Reec.Inspection.SqlServer.Old\Reec.Inspection.SqlServer.Old.csproj", "{AB54E638-F353-41DD-8494-9558A6DC0C0C}"
EndProject
Project("{9A19103F-16F7-4668-BE54-9A1E7A4F7556}") = "Reec.Inspection.Old", "Reec.Inspection.Old\Reec.Inspection.Old.csproj", "{F48E3EAA-E2EB-47DA-A0A2-3C56E9FB69AA}"
EndProject
Project("{2150E333-8FDC-42A3-9474-1A3956D46DE8}") = "Old", "Old", "{AB73081E-D34C-49E4-9B52-7B2E8745B978}"
EndProject
Project("{FAE04EC0-301F-11D3-BF4B-00C04F79EFBC}") = "Reec.Inspection", "Reec.Inspection\Reec.Inspection.csproj", "{AC1B0F92-39F2-487E-B363-14FA08025299}"
EndProject
Project("{FAE04EC0-301F-11D3-BF4B-00C04F79EFBC}") = "Reec.Inspection.SqlServer", "Reec.Inspection.SqlServer\Reec.Inspection.SqlServer.csproj", "{F27F389A-EA97-44BB-98B0-F7807FB19ABD}"
EndProject
Project("{FAE04EC0-301F-11D3-BF4B-00C04F79EFBC}") = "Test.Api", "Test.Api\Test.Api.csproj", "{E85A8191-2620-4AC2-824C-CDB0EEA3513E}"
EndProject
Global
	GlobalSection(SolutionConfigurationPlatforms) = preSolution
		Debug|Any CPU = Debug|Any CPU
		Release|Any CPU = Release|Any CPU
	EndGlobalSection
	GlobalSection(ProjectConfigurationPlatforms) = postSolution
		{B82DF4B2-9027-40B8-A598-FA6A384E7CF2}.Debug|Any CPU.ActiveCfg = Debug|Any CPU
		{B82DF4B2-9027-40B8-A598-FA6A384E7CF2}.Debug|Any CPU.Build.0 = Debug|Any CPU
		{B82DF4B2-9027-40B8-A598-FA6A384E7CF2}.Release|Any CPU.ActiveCfg = Release|Any CPU
		{B82DF4B2-9027-40B8-A598-FA6A384E7CF2}.Release|Any CPU.Build.0 = Release|Any CPU
		{9E77DA3C-B7E9-400D-99A1-B0A18236BA0E}.Debug|Any CPU.ActiveCfg = Debug|Any CPU
		{9E77DA3C-B7E9-400D-99A1-B0A18236BA0E}.Debug|Any CPU.Build.0 = Debug|Any CPU
		{9E77DA3C-B7E9-400D-99A1-B0A18236BA0E}.Release|Any CPU.ActiveCfg = Release|Any CPU
		{9E77DA3C-B7E9-400D-99A1-B0A18236BA0E}.Release|Any CPU.Build.0 = Release|Any CPU
		{09442BC9-09BF-43FB-8515-03C5E6CF089D}.Debug|Any CPU.ActiveCfg = Debug|Any CPU
		{09442BC9-09BF-43FB-8515-03C5E6CF089D}.Debug|Any CPU.Build.0 = Debug|Any CPU
		{09442BC9-09BF-43FB-8515-03C5E6CF089D}.Release|Any CPU.ActiveCfg = Release|Any CPU
		{09442BC9-09BF-43FB-8515-03C5E6CF089D}.Release|Any CPU.Build.0 = Release|Any CPU
		{AB71A61F-A9C3-4827-93D1-036001690DE9}.Debug|Any CPU.ActiveCfg = Debug|Any CPU
		{AB71A61F-A9C3-4827-93D1-036001690DE9}.Debug|Any CPU.Build.0 = Debug|Any CPU
		{AB71A61F-A9C3-4827-93D1-036001690DE9}.Release|Any CPU.ActiveCfg = Release|Any CPU
		{AB71A61F-A9C3-4827-93D1-036001690DE9}.Release|Any CPU.Build.0 = Release|Any CPU
		{788EFFA3-4EE4-4267-BCCB-8574B55224C0}.Debug|Any CPU.ActiveCfg = Debug|Any CPU
		{788EFFA3-4EE4-4267-BCCB-8574B55224C0}.Debug|Any CPU.Build.0 = Debug|Any CPU
		{788EFFA3-4EE4-4267-BCCB-8574B55224C0}.Release|Any CPU.ActiveCfg = Release|Any CPU
		{788EFFA3-4EE4-4267-BCCB-8574B55224C0}.Release|Any CPU.Build.0 = Release|Any CPU
		{AB54E638-F353-41DD-8494-9558A6DC0C0C}.Debug|Any CPU.ActiveCfg = Debug|Any CPU
		{AB54E638-F353-41DD-8494-9558A6DC0C0C}.Debug|Any CPU.Build.0 = Debug|Any CPU
		{AB54E638-F353-41DD-8494-9558A6DC0C0C}.Release|Any CPU.ActiveCfg = Release|Any CPU
		{AB54E638-F353-41DD-8494-9558A6DC0C0C}.Release|Any CPU.Build.0 = Release|Any CPU
		{F48E3EAA-E2EB-47DA-A0A2-3C56E9FB69AA}.Debug|Any CPU.ActiveCfg = Debug|Any CPU
		{F48E3EAA-E2EB-47DA-A0A2-3C56E9FB69AA}.Debug|Any CPU.Build.0 = Debug|Any CPU
		{F48E3EAA-E2EB-47DA-A0A2-3C56E9FB69AA}.Release|Any CPU.ActiveCfg = Release|Any CPU
		{F48E3EAA-E2EB-47DA-A0A2-3C56E9FB69AA}.Release|Any CPU.Build.0 = Release|Any CPU
		{AC1B0F92-39F2-487E-B363-14FA08025299}.Debug|Any CPU.ActiveCfg = Debug|Any CPU
		{AC1B0F92-39F2-487E-B363-14FA08025299}.Debug|Any CPU.Build.0 = Debug|Any CPU
		{AC1B0F92-39F2-487E-B363-14FA08025299}.Release|Any CPU.ActiveCfg = Release|Any CPU
		{AC1B0F92-39F2-487E-B363-14FA08025299}.Release|Any CPU.Build.0 = Release|Any CPU
		{F27F389A-EA97-44BB-98B0-F7807FB19ABD}.Debug|Any CPU.ActiveCfg = Debug|Any CPU
		{F27F389A-EA97-44BB-98B0-F7807FB19ABD}.Debug|Any CPU.Build.0 = Debug|Any CPU
		{F27F389A-EA97-44BB-98B0-F7807FB19ABD}.Release|Any CPU.ActiveCfg = Release|Any CPU
		{F27F389A-EA97-44BB-98B0-F7807FB19ABD}.Release|Any CPU.Build.0 = Release|Any CPU
		{E85A8191-2620-4AC2-824C-CDB0EEA3513E}.Debug|Any CPU.ActiveCfg = Debug|Any CPU
		{E85A8191-2620-4AC2-824C-CDB0EEA3513E}.Debug|Any CPU.Build.0 = Debug|Any CPU
		{E85A8191-2620-4AC2-824C-CDB0EEA3513E}.Release|Any CPU.ActiveCfg = Release|Any CPU
		{E85A8191-2620-4AC2-824C-CDB0EEA3513E}.Release|Any CPU.Build.0 = Release|Any CPU
	EndGlobalSection
	GlobalSection(SolutionProperties) = preSolution
		HideSolutionNode = FALSE
	EndGlobalSection
	GlobalSection(NestedProjects) = preSolution
		{B82DF4B2-9027-40B8-A598-FA6A384E7CF2} = {A4C1B027-D76C-4A9B-9583-9E7C1FF20658}
		{9E77DA3C-B7E9-400D-99A1-B0A18236BA0E} = {E60D9F5D-8086-4FC5-A99F-4E2B4BED1289}
		{09442BC9-09BF-43FB-8515-03C5E6CF089D} = {A4C1B027-D76C-4A9B-9583-9E7C1FF20658}
		{AB71A61F-A9C3-4827-93D1-036001690DE9} = {A4C1B027-D76C-4A9B-9583-9E7C1FF20658}
		{788EFFA3-4EE4-4267-BCCB-8574B55224C0} = {A4C1B027-D76C-4A9B-9583-9E7C1FF20658}
		{A4C1B027-D76C-4A9B-9583-9E7C1FF20658} = {43D6822F-AD4D-4689-A85A-C1D0368121F3}
		{D2C7DE11-E342-4D55-95CC-7AA2E3C982BE} = {43D6822F-AD4D-4689-A85A-C1D0368121F3}
		{E60D9F5D-8086-4FC5-A99F-4E2B4BED1289} = {43D6822F-AD4D-4689-A85A-C1D0368121F3}
		{AB54E638-F353-41DD-8494-9558A6DC0C0C} = {AB73081E-D34C-49E4-9B52-7B2E8745B978}
		{F48E3EAA-E2EB-47DA-A0A2-3C56E9FB69AA} = {AB73081E-D34C-49E4-9B52-7B2E8745B978}
		{AB73081E-D34C-49E4-9B52-7B2E8745B978} = {D2C7DE11-E342-4D55-95CC-7AA2E3C982BE}
		{AC1B0F92-39F2-487E-B363-14FA08025299} = {D2C7DE11-E342-4D55-95CC-7AA2E3C982BE}
		{F27F389A-EA97-44BB-98B0-F7807FB19ABD} = {D2C7DE11-E342-4D55-95CC-7AA2E3C982BE}
		{E85A8191-2620-4AC2-824C-CDB0EEA3513E} = {0600DD56-ECFF-4227-9035-D467B265EF92}
	EndGlobalSection
	GlobalSection(ExtensibilityGlobals) = postSolution
		SolutionGuid = {85D35906-5C36-424D-9D35-EB31501EFC40}
	EndGlobalSection
EndGlobal
