
Microsoft Visual Studio Solution File, Format Version 12.00
# Visual Studio Version 17
VisualStudioVersion = 17.1.32210.238
MinimumVisualStudioVersion = 10.0.40219.1
Project("{2150E333-8FDC-42A3-9474-1A3956D46DE8}") = "Test", "Test", "{0600DD56-ECFF-4227-9035-D467B265EF92}"
EndProject
Project("{9A19103F-16F7-4668-BE54-9A1E7A4F7556}") = "Reec.DataBase", "Reec.DataBase\Reec.DataBase.csproj", "{B82DF4B2-9027-40B8-A598-FA6A384E7CF2}"
EndProject
Project("{9A19103F-16F7-4668-BE54-9A1E7A4F7556}") = "Reec.Helpers", "Reec.Helpers\Reec.Helpers.csproj", "{9E77DA3C-B7E9-400D-99A1-B0A18236BA0E}"
EndProject
Project("{2150E333-8FDC-42A3-9474-1A3956D46DE8}") = "src", "src", "{43D6822F-AD4D-4689-A85A-C1D0368121F3}"
EndProject
Project("{9A19103F-16F7-4668-BE54-9A1E7A4F7556}") = "Reec.SqlServer", "Reec.SqlServer\Reec.SqlServer.csproj", "{09442BC9-09BF-43FB-8515-03C5E6CF089D}"
EndProject
Project("{9A19103F-16F7-4668-BE54-9A1E7A4F7556}") = "Reec.Oracle", "Reec.Oracle\Reec.Oracle.csproj", "{AB71A61F-A9C3-4827-93D1-036001690DE9}"
EndProject
Project("{9A19103F-16F7-4668-BE54-9A1E7A4F7556}") = "Reec.MySql", "Reec.MySql\Reec.MySql.csproj", "{788EFFA3-4EE4-4267-BCCB-8574B55224C0}"
EndProject
Project("{9A19103F-16F7-4668-BE54-9A1E7A4F7556}") = "Reec.ConsoleTest", "Reec.ConsoleTest\Reec.ConsoleTest.csproj", "{BFA4A130-1A24-4961-B439-2241EC56ECAB}"
EndProject
Project("{2150E333-8FDC-42A3-9474-1A3956D46DE8}") = "Solution Items", "Solution Items", "{1D5E0049-5EF7-457D-9C1F-A59D3865FE06}"
	ProjectSection(SolutionItems) = preProject
		.editorconfig = .editorconfig
		scanner-sonnarqube.ps1 = scanner-sonnarqube.ps1
	EndProjectSection
EndProject
Project("{9A19103F-16F7-4668-BE54-9A1E7A4F7556}") = "Reec.Inspection", "Reec.Inspection\Reec.Inspection.csproj", "{0F7B6204-9BEF-404F-B3CD-ABC8EBD4D913}"
EndProject
Project("{2150E333-8FDC-42A3-9474-1A3956D46DE8}") = "AdoNet", "AdoNet", "{A4C1B027-D76C-4A9B-9583-9E7C1FF20658}"
EndProject
Project("{2150E333-8FDC-42A3-9474-1A3956D46DE8}") = "Inspection", "Inspection", "{D2C7DE11-E342-4D55-95CC-7AA2E3C982BE}"
EndProject
Project("{2150E333-8FDC-42A3-9474-1A3956D46DE8}") = "Common", "Common", "{E60D9F5D-8086-4FC5-A99F-4E2B4BED1289}"
EndProject
Project("{9A19103F-16F7-4668-BE54-9A1E7A4F7556}") = "Reec.Api.Test", "Reec.Api.Test\Reec.Api.Test.csproj", "{24F132A8-324F-48B9-BE9A-4B884055D7E7}"
EndProject
Project("{9A19103F-16F7-4668-BE54-9A1E7A4F7556}") = "Reec.Inspection.SqlServer", "Reec.Inspection.SqlServer\Reec.Inspection.SqlServer.csproj", "{B2DF4FD5-863A-4EEF-9C68-BF2EE1B2E6B5}"
EndProject
Project("{9A19103F-16F7-4668-BE54-9A1E7A4F7556}") = "Reec.Api.Test.Nuget", "Reec.Api.Test.Nuget\Reec.Api.Test.Nuget.csproj", "{EC18A69B-2565-4BF9-B874-6D06441DA578}"
EndProject
Global
	GlobalSection(SolutionConfigurationPlatforms) = preSolution
		Debug|Any CPU = Debug|Any CPU
		Release|Any CPU = Release|Any CPU
	EndGlobalSection
	GlobalSection(ProjectConfigurationPlatforms) = postSolution
		{B82DF4B2-9027-40B8-A598-FA6A384E7CF2}.Debug|Any CPU.ActiveCfg = Debug|Any CPU
		{B82DF4B2-9027-40B8-A598-FA6A384E7CF2}.Debug|Any CPU.Build.0 = Debug|Any CPU
		{B82DF4B2-9027-40B8-A598-FA6A384E7CF2}.Release|Any CPU.ActiveCfg = Release|Any CPU
		{B82DF4B2-9027-40B8-A598-FA6A384E7CF2}.Release|Any CPU.Build.0 = Release|Any CPU
		{9E77DA3C-B7E9-400D-99A1-B0A18236BA0E}.Debug|Any CPU.ActiveCfg = Debug|Any CPU
		{9E77DA3C-B7E9-400D-99A1-B0A18236BA0E}.Debug|Any CPU.Build.0 = Debug|Any CPU
		{9E77DA3C-B7E9-400D-99A1-B0A18236BA0E}.Release|Any CPU.ActiveCfg = Release|Any CPU
		{9E77DA3C-B7E9-400D-99A1-B0A18236BA0E}.Release|Any CPU.Build.0 = Release|Any CPU
		{09442BC9-09BF-43FB-8515-03C5E6CF089D}.Debug|Any CPU.ActiveCfg = Debug|Any CPU
		{09442BC9-09BF-43FB-8515-03C5E6CF089D}.Debug|Any CPU.Build.0 = Debug|Any CPU
		{09442BC9-09BF-43FB-8515-03C5E6CF089D}.Release|Any CPU.ActiveCfg = Release|Any CPU
		{09442BC9-09BF-43FB-8515-03C5E6CF089D}.Release|Any CPU.Build.0 = Release|Any CPU
		{AB71A61F-A9C3-4827-93D1-036001690DE9}.Debug|Any CPU.ActiveCfg = Debug|Any CPU
		{AB71A61F-A9C3-4827-93D1-036001690DE9}.Debug|Any CPU.Build.0 = Debug|Any CPU
		{AB71A61F-A9C3-4827-93D1-036001690DE9}.Release|Any CPU.ActiveCfg = Release|Any CPU
		{AB71A61F-A9C3-4827-93D1-036001690DE9}.Release|Any CPU.Build.0 = Release|Any CPU
		{788EFFA3-4EE4-4267-BCCB-8574B55224C0}.Debug|Any CPU.ActiveCfg = Debug|Any CPU
		{788EFFA3-4EE4-4267-BCCB-8574B55224C0}.Debug|Any CPU.Build.0 = Debug|Any CPU
		{788EFFA3-4EE4-4267-BCCB-8574B55224C0}.Release|Any CPU.ActiveCfg = Release|Any CPU
		{788EFFA3-4EE4-4267-BCCB-8574B55224C0}.Release|Any CPU.Build.0 = Release|Any CPU
		{BFA4A130-1A24-4961-B439-2241EC56ECAB}.Debug|Any CPU.ActiveCfg = Debug|Any CPU
		{BFA4A130-1A24-4961-B439-2241EC56ECAB}.Debug|Any CPU.Build.0 = Debug|Any CPU
		{BFA4A130-1A24-4961-B439-2241EC56ECAB}.Release|Any CPU.ActiveCfg = Release|Any CPU
		{BFA4A130-1A24-4961-B439-2241EC56ECAB}.Release|Any CPU.Build.0 = Release|Any CPU
		{0F7B6204-9BEF-404F-B3CD-ABC8EBD4D913}.Debug|Any CPU.ActiveCfg = Debug|Any CPU
		{0F7B6204-9BEF-404F-B3CD-ABC8EBD4D913}.Debug|Any CPU.Build.0 = Debug|Any CPU
		{0F7B6204-9BEF-404F-B3CD-ABC8EBD4D913}.Release|Any CPU.ActiveCfg = Release|Any CPU
		{0F7B6204-9BEF-404F-B3CD-ABC8EBD4D913}.Release|Any CPU.Build.0 = Release|Any CPU
		{24F132A8-324F-48B9-BE9A-4B884055D7E7}.Debug|Any CPU.ActiveCfg = Debug|Any CPU
		{24F132A8-324F-48B9-BE9A-4B884055D7E7}.Debug|Any CPU.Build.0 = Debug|Any CPU
		{24F132A8-324F-48B9-BE9A-4B884055D7E7}.Release|Any CPU.ActiveCfg = Release|Any CPU
		{24F132A8-324F-48B9-BE9A-4B884055D7E7}.Release|Any CPU.Build.0 = Release|Any CPU
		{B2DF4FD5-863A-4EEF-9C68-BF2EE1B2E6B5}.Debug|Any CPU.ActiveCfg = Debug|Any CPU
		{B2DF4FD5-863A-4EEF-9C68-BF2EE1B2E6B5}.Debug|Any CPU.Build.0 = Debug|Any CPU
		{B2DF4FD5-863A-4EEF-9C68-BF2EE1B2E6B5}.Release|Any CPU.ActiveCfg = Release|Any CPU
		{B2DF4FD5-863A-4EEF-9C68-BF2EE1B2E6B5}.Release|Any CPU.Build.0 = Release|Any CPU
		{EC18A69B-2565-4BF9-B874-6D06441DA578}.Debug|Any CPU.ActiveCfg = Debug|Any CPU
		{EC18A69B-2565-4BF9-B874-6D06441DA578}.Debug|Any CPU.Build.0 = Debug|Any CPU
		{EC18A69B-2565-4BF9-B874-6D06441DA578}.Release|Any CPU.ActiveCfg = Release|Any CPU
		{EC18A69B-2565-4BF9-B874-6D06441DA578}.Release|Any CPU.Build.0 = Release|Any CPU
	EndGlobalSection
	GlobalSection(SolutionProperties) = preSolution
		HideSolutionNode = FALSE
	EndGlobalSection
	GlobalSection(NestedProjects) = preSolution
		{B82DF4B2-9027-40B8-A598-FA6A384E7CF2} = {A4C1B027-D76C-4A9B-9583-9E7C1FF20658}
		{9E77DA3C-B7E9-400D-99A1-B0A18236BA0E} = {E60D9F5D-8086-4FC5-A99F-4E2B4BED1289}
		{09442BC9-09BF-43FB-8515-03C5E6CF089D} = {A4C1B027-D76C-4A9B-9583-9E7C1FF20658}
		{AB71A61F-A9C3-4827-93D1-036001690DE9} = {A4C1B027-D76C-4A9B-9583-9E7C1FF20658}
		{788EFFA3-4EE4-4267-BCCB-8574B55224C0} = {A4C1B027-D76C-4A9B-9583-9E7C1FF20658}
		{BFA4A130-1A24-4961-B439-2241EC56ECAB} = {0600DD56-ECFF-4227-9035-D467B265EF92}
		{0F7B6204-9BEF-404F-B3CD-ABC8EBD4D913} = {D2C7DE11-E342-4D55-95CC-7AA2E3C982BE}
		{A4C1B027-D76C-4A9B-9583-9E7C1FF20658} = {43D6822F-AD4D-4689-A85A-C1D0368121F3}
		{D2C7DE11-E342-4D55-95CC-7AA2E3C982BE} = {43D6822F-AD4D-4689-A85A-C1D0368121F3}
		{E60D9F5D-8086-4FC5-A99F-4E2B4BED1289} = {43D6822F-AD4D-4689-A85A-C1D0368121F3}
		{24F132A8-324F-48B9-BE9A-4B884055D7E7} = {0600DD56-ECFF-4227-9035-D467B265EF92}
		{B2DF4FD5-863A-4EEF-9C68-BF2EE1B2E6B5} = {D2C7DE11-E342-4D55-95CC-7AA2E3C982BE}
		{EC18A69B-2565-4BF9-B874-6D06441DA578} = {0600DD56-ECFF-4227-9035-D467B265EF92}
	EndGlobalSection
	GlobalSection(ExtensibilityGlobals) = postSolution
		SolutionGuid = {85D35906-5C36-424D-9D35-EB31501EFC40}
	EndGlobalSection
EndGlobal
